
Microsoft Visual Studio Solution File, Format Version 12.00
# Visual Studio Version 17
VisualStudioVersion = 17.0.31903.59
MinimumVisualStudioVersion = 10.0.40219.1
Project("{FAE04EC0-301F-11D3-BF4B-00C04F79EFBC}") = "TerraformAPIDotnet", "TerraformAPIDotnet.csproj", "{F26EFF4A-3836-498A-B1D1-37C29C0EDB89}"
EndProject
Global
	GlobalSection(SolutionConfigurationPlatforms) = preSolution
		Debug|Any CPU = Debug|Any CPU
		Release|Any CPU = Release|Any CPU
	EndGlobalSection
	GlobalSection(SolutionProperties) = preSolution
		HideSolutionNode = FALSE
	EndGlobalSection
	GlobalSection(ProjectConfigurationPlatforms) = postSolution
		{F26EFF4A-3836-498A-B1D1-37C29C0EDB89}.Debug|Any CPU.ActiveCfg = Debug|Any CPU
		{F26EFF4A-3836-498A-B1D1-37C29C0EDB89}.Debug|Any CPU.Build.0 = Debug|Any CPU
		{F26EFF4A-3836-498A-B1D1-37C29C0EDB89}.Release|Any CPU.ActiveCfg = Release|Any CPU
		{F26EFF4A-3836-498A-B1D1-37C29C0EDB89}.Release|Any CPU.Build.0 = Release|Any CPU
	EndGlobalSection
EndGlobal
